
Microsoft Visual Studio Solution File, Format Version 12.00
# Visual Studio 15
VisualStudioVersion = 15.0.26430.12
MinimumVisualStudioVersion = 10.0.40219.1
Project("{F2A71F9B-5D33-465A-A702-920D77279786}") = "FsCommons.Core", "FsCommons.Core\FsCommons.Core.fsproj", "{330B7032-0045-4DCA-BDBB-E2ABA931BC49}"
EndProject
Project("{F2A71F9B-5D33-465A-A702-920D77279786}") = "FsCommons.WebApi", "FsCommons.WebApi\FsCommons.WebApi.fsproj", "{F0C2FB6E-3717-46C7-ACCF-C5C5631DAA2A}"
EndProject
Project("{F2A71F9B-5D33-465A-A702-920D77279786}") = "FsCommons.Presentation", "FsCommons.Presentation\FsCommons.Presentation.fsproj", "{B3CF8254-A59D-4B5C-A509-EB55D0E98154}"
EndProject
Project("{2150E333-8FDC-42A3-9474-1A3956D46DE8}") = "Samples", "Samples", "{70EE2A06-35AA-4ED5-90FD-9C91CD0A1D5B}"
EndProject
Project("{F2A71F9B-5D33-465A-A702-920D77279786}") = "SampleViewLogic", "SampleViewLogic\SampleViewLogic.fsproj", "{10A8BF1B-16C6-45A0-9D0C-F4D86C662E22}"
EndProject
Project("{FAE04EC0-301F-11D3-BF4B-00C04F79EFBC}") = "MyShell", "MyShell\MyShell.csproj", "{5350534E-690A-4489-8C88-DBCE42E82A30}"
EndProject
Project("{F2A71F9B-5D33-465A-A702-920D77279786}") = "FsCommons.ViewModels", "FsCommons.ViewModels\FsCommons.ViewModels.fsproj", "{706B0A4F-5469-4D19-827E-777CA14E1B04}"
EndProject
Project("{FAE04EC0-301F-11D3-BF4B-00C04F79EFBC}") = "SampleViews", "SampleViews\SampleViews.csproj", "{AB86D734-32FE-4BED-B9F5-B86E9A639A46}"
EndProject
Global
	GlobalSection(SolutionConfigurationPlatforms) = preSolution
		Debug|Any CPU = Debug|Any CPU
		Release|Any CPU = Release|Any CPU
	EndGlobalSection
	GlobalSection(ProjectConfigurationPlatforms) = postSolution
		{330B7032-0045-4DCA-BDBB-E2ABA931BC49}.Debug|Any CPU.ActiveCfg = Debug|Any CPU
		{330B7032-0045-4DCA-BDBB-E2ABA931BC49}.Debug|Any CPU.Build.0 = Debug|Any CPU
		{330B7032-0045-4DCA-BDBB-E2ABA931BC49}.Release|Any CPU.ActiveCfg = Release|Any CPU
		{330B7032-0045-4DCA-BDBB-E2ABA931BC49}.Release|Any CPU.Build.0 = Release|Any CPU
		{F0C2FB6E-3717-46C7-ACCF-C5C5631DAA2A}.Debug|Any CPU.ActiveCfg = Debug|Any CPU
		{F0C2FB6E-3717-46C7-ACCF-C5C5631DAA2A}.Debug|Any CPU.Build.0 = Debug|Any CPU
		{F0C2FB6E-3717-46C7-ACCF-C5C5631DAA2A}.Release|Any CPU.ActiveCfg = Release|Any CPU
		{F0C2FB6E-3717-46C7-ACCF-C5C5631DAA2A}.Release|Any CPU.Build.0 = Release|Any CPU
		{B3CF8254-A59D-4B5C-A509-EB55D0E98154}.Debug|Any CPU.ActiveCfg = Debug|Any CPU
		{B3CF8254-A59D-4B5C-A509-EB55D0E98154}.Debug|Any CPU.Build.0 = Debug|Any CPU
		{B3CF8254-A59D-4B5C-A509-EB55D0E98154}.Release|Any CPU.ActiveCfg = Release|Any CPU
		{B3CF8254-A59D-4B5C-A509-EB55D0E98154}.Release|Any CPU.Build.0 = Release|Any CPU
		{10A8BF1B-16C6-45A0-9D0C-F4D86C662E22}.Debug|Any CPU.ActiveCfg = Debug|Any CPU
		{10A8BF1B-16C6-45A0-9D0C-F4D86C662E22}.Debug|Any CPU.Build.0 = Debug|Any CPU
		{10A8BF1B-16C6-45A0-9D0C-F4D86C662E22}.Release|Any CPU.ActiveCfg = Release|Any CPU
		{10A8BF1B-16C6-45A0-9D0C-F4D86C662E22}.Release|Any CPU.Build.0 = Release|Any CPU
		{5350534E-690A-4489-8C88-DBCE42E82A30}.Debug|Any CPU.ActiveCfg = Debug|Any CPU
		{5350534E-690A-4489-8C88-DBCE42E82A30}.Debug|Any CPU.Build.0 = Debug|Any CPU
		{5350534E-690A-4489-8C88-DBCE42E82A30}.Release|Any CPU.ActiveCfg = Release|Any CPU
		{5350534E-690A-4489-8C88-DBCE42E82A30}.Release|Any CPU.Build.0 = Release|Any CPU
		{706B0A4F-5469-4D19-827E-777CA14E1B04}.Debug|Any CPU.ActiveCfg = Debug|Any CPU
		{706B0A4F-5469-4D19-827E-777CA14E1B04}.Debug|Any CPU.Build.0 = Debug|Any CPU
		{706B0A4F-5469-4D19-827E-777CA14E1B04}.Release|Any CPU.ActiveCfg = Release|Any CPU
		{706B0A4F-5469-4D19-827E-777CA14E1B04}.Release|Any CPU.Build.0 = Release|Any CPU
		{AB86D734-32FE-4BED-B9F5-B86E9A639A46}.Debug|Any CPU.ActiveCfg = Debug|Any CPU
		{AB86D734-32FE-4BED-B9F5-B86E9A639A46}.Debug|Any CPU.Build.0 = Debug|Any CPU
		{AB86D734-32FE-4BED-B9F5-B86E9A639A46}.Release|Any CPU.ActiveCfg = Release|Any CPU
		{AB86D734-32FE-4BED-B9F5-B86E9A639A46}.Release|Any CPU.Build.0 = Release|Any CPU
	EndGlobalSection
	GlobalSection(SolutionProperties) = preSolution
		HideSolutionNode = FALSE
	EndGlobalSection
	GlobalSection(NestedProjects) = preSolution
		{10A8BF1B-16C6-45A0-9D0C-F4D86C662E22} = {70EE2A06-35AA-4ED5-90FD-9C91CD0A1D5B}
		{5350534E-690A-4489-8C88-DBCE42E82A30} = {70EE2A06-35AA-4ED5-90FD-9C91CD0A1D5B}
		{AB86D734-32FE-4BED-B9F5-B86E9A639A46} = {70EE2A06-35AA-4ED5-90FD-9C91CD0A1D5B}
	EndGlobalSection
EndGlobal
