
Microsoft Visual Studio Solution File, Format Version 12.00
# Visual Studio 15
VisualStudioVersion = 15.0.27130.2026
MinimumVisualStudioVersion = 10.0.40219.1
Project("{F2A71F9B-5D33-465A-A702-920D77279786}") = "WinFormsElm", "WinFormsElm\WinFormsElm.fsproj", "{52213E26-56CE-48D3-901A-40BAED57468B}"
EndProject
Global
	GlobalSection(SolutionConfigurationPlatforms) = preSolution
		Debug|Any CPU = Debug|Any CPU
		Release|Any CPU = Release|Any CPU
	EndGlobalSection
	GlobalSection(ProjectConfigurationPlatforms) = postSolution
		{52213E26-56CE-48D3-901A-40BAED57468B}.Debug|Any CPU.ActiveCfg = Debug|Any CPU
		{52213E26-56CE-48D3-901A-40BAED57468B}.Debug|Any CPU.Build.0 = Debug|Any CPU
		{52213E26-56CE-48D3-901A-40BAED57468B}.Release|Any CPU.ActiveCfg = Release|Any CPU
		{52213E26-56CE-48D3-901A-40BAED57468B}.Release|Any CPU.Build.0 = Release|Any CPU
	EndGlobalSection
	GlobalSection(SolutionProperties) = preSolution
		HideSolutionNode = FALSE
	EndGlobalSection
	GlobalSection(ExtensibilityGlobals) = postSolution
		SolutionGuid = {293A3725-96A8-4D9D-B7D4-8A8C28FC7C03}
	EndGlobalSection
EndGlobal
